Microsoft Visual Studio Solution File, Format Version 12.00
# Visual Studio Version 17
VisualStudioVersion = 17.5.2.0
MinimumVisualStudioVersion = 10.0.40219.1
Project("{2150E333-8FDC-42A3-9474-1A3956D46DE8}") = "tools", "tools", "{07C2787E-EAC7-C090-1BA3-A61EC2A24D84}"
EndProject
Project("{2150E333-8FDC-42A3-9474-1A3956D46DE8}") = "windows_ai_bridge", "windows_ai_bridge", "{45AE5814-295D-4EE2-CACC-26196E9BED7C}"
EndProject
Project("{FAE04EC0-301F-11D3-BF4B-00C04F79EFBC}") = "PhiSilicaBridge", "tools\windows_ai_bridge\PhiSilicaBridge.csproj", "{4D6B2444-38B3-986D-F996-0AB877FC38B2}"
EndProject
Global
	GlobalSection(SolutionConfigurationPlatforms) = preSolution
		Debug|Any CPU = Debug|Any CPU
		Release|Any CPU = Release|Any CPU
	EndGlobalSection
	GlobalSection(ProjectConfigurationPlatforms) = postSolution
		{4D6B2444-38B3-986D-F996-0AB877FC38B2}.Debug|Any CPU.ActiveCfg = Debug|Any CPU
		{4D6B2444-38B3-986D-F996-0AB877FC38B2}.Debug|Any CPU.Build.0 = Debug|Any CPU
		{4D6B2444-38B3-986D-F996-0AB877FC38B2}.Release|Any CPU.ActiveCfg = Release|Any CPU
		{4D6B2444-38B3-986D-F996-0AB877FC38B2}.Release|Any CPU.Build.0 = Release|Any CPU
	EndGlobalSection
	GlobalSection(SolutionProperties) = preSolution
		HideSolutionNode = FALSE
	EndGlobalSection
	GlobalSection(NestedProjects) = preSolution
		{45AE5814-295D-4EE2-CACC-26196E9BED7C} = {07C2787E-EAC7-C090-1BA3-A61EC2A24D84}
		{4D6B2444-38B3-986D-F996-0AB877FC38B2} = {45AE5814-295D-4EE2-CACC-26196E9BED7C}
	EndGlobalSection
	GlobalSection(ExtensibilityGlobals) = postSolution
		SolutionGuid = {D44C0F98-8E95-4E72-A5DC-74F9536CA24C}
	EndGlobalSection
EndGlobal
