Microsoft Visual Studio Solution File, Format Version 12.00
# Visual Studio Version 17
VisualStudioVersion = 17.5.2.0
MinimumVisualStudioVersion = 10.0.40219.1
Project("{FAE04EC0-301F-11D3-BF4B-00C04F79EFBC}") = "prompts", "prompts.csproj", "{DD37A5A4-B059-1DD6-1859-FD6EF011BE77}"
EndProject
Global
	GlobalSection(SolutionConfigurationPlatforms) = preSolution
		Debug|Any CPU = Debug|Any CPU
		Release|Any CPU = Release|Any CPU
	EndGlobalSection
	GlobalSection(ProjectConfigurationPlatforms) = postSolution
		{DD37A5A4-B059-1DD6-1859-FD6EF011BE77}.Debug|Any CPU.ActiveCfg = Debug|Any CPU
		{DD37A5A4-B059-1DD6-1859-FD6EF011BE77}.Debug|Any CPU.Build.0 = Debug|Any CPU
		{DD37A5A4-B059-1DD6-1859-FD6EF011BE77}.Release|Any CPU.ActiveCfg = Release|Any CPU
		{DD37A5A4-B059-1DD6-1859-FD6EF011BE77}.Release|Any CPU.Build.0 = Release|Any CPU
	EndGlobalSection
	GlobalSection(SolutionProperties) = preSolution
		HideSolutionNode = FALSE
	EndGlobalSection
	GlobalSection(ExtensibilityGlobals) = postSolution
		SolutionGuid = {1D5B6B48-7750-4012-A70E-AA5CF53C4D7B}
	EndGlobalSection
EndGlobal
