Microsoft Visual Studio Solution File, Format Version 12.00
# Visual Studio Version 17
VisualStudioVersion = 17.5.2.0
MinimumVisualStudioVersion = 10.0.40219.1
Project("{2150E333-8FDC-42A3-9474-1A3956D46DE8}") = "tools", "tools", "{07C2787E-EAC7-C090-1BA3-A61EC2A24D84}"
EndProject
Project("{2150E333-8FDC-42A3-9474-1A3956D46DE8}") = "llm", "llm", "{8F2CFDA8-1CA5-ED8D-B908-4BA468EF1F6A}"
EndProject
Project("{2150E333-8FDC-42A3-9474-1A3956D46DE8}") = "windows_ai_bridge", "windows_ai_bridge", "{13F479D3-3DAA-8B4F-2BA7-9755352EA558}"
EndProject
Project("{FAE04EC0-301F-11D3-BF4B-00C04F79EFBC}") = "PhiSilicaBridge", "tools\llm\windows_ai_bridge\PhiSilicaBridge.csproj", "{2481A887-2B37-AC8F-02AE-27BA54726AF4}"
EndProject
Global
	GlobalSection(SolutionConfigurationPlatforms) = preSolution
		Debug|Any CPU = Debug|Any CPU
		Release|Any CPU = Release|Any CPU
	EndGlobalSection
	GlobalSection(ProjectConfigurationPlatforms) = postSolution
		{2481A887-2B37-AC8F-02AE-27BA54726AF4}.Debug|Any CPU.ActiveCfg = Debug|Any CPU
		{2481A887-2B37-AC8F-02AE-27BA54726AF4}.Debug|Any CPU.Build.0 = Debug|Any CPU
		{2481A887-2B37-AC8F-02AE-27BA54726AF4}.Release|Any CPU.ActiveCfg = Release|Any CPU
		{2481A887-2B37-AC8F-02AE-27BA54726AF4}.Release|Any CPU.Build.0 = Release|Any CPU
	EndGlobalSection
	GlobalSection(SolutionProperties) = preSolution
		HideSolutionNode = FALSE
	EndGlobalSection
	GlobalSection(NestedProjects) = preSolution
		{8F2CFDA8-1CA5-ED8D-B908-4BA468EF1F6A} = {07C2787E-EAC7-C090-1BA3-A61EC2A24D84}
		{13F479D3-3DAA-8B4F-2BA7-9755352EA558} = {8F2CFDA8-1CA5-ED8D-B908-4BA468EF1F6A}
		{2481A887-2B37-AC8F-02AE-27BA54726AF4} = {13F479D3-3DAA-8B4F-2BA7-9755352EA558}
	EndGlobalSection
	GlobalSection(ExtensibilityGlobals) = postSolution
		SolutionGuid = {C1498845-F6FC-423D-A8E9-F6FAAEAC6A43}
	EndGlobalSection
EndGlobal
