Microsoft Visual Studio Solution File, Format Version 12.00
# Visual Studio Version 17
VisualStudioVersion = 17.5.2.0
MinimumVisualStudioVersion = 10.0.40219.1
Project("{2150E333-8FDC-42A3-9474-1A3956D46DE8}") = "windows_ai_bridge", "windows_ai_bridge", "{D6A9D250-5BA5-D1E8-9A17-E07C607521DE}"
EndProject
Project("{FAE04EC0-301F-11D3-BF4B-00C04F79EFBC}") = "PhiSilicaBridge", "windows_ai_bridge\PhiSilicaBridge.csproj", "{7CD60762-F58B-8E5D-3C18-F9B8FA3E2ADA}"
EndProject
Global
	GlobalSection(SolutionConfigurationPlatforms) = preSolution
		Debug|Any CPU = Debug|Any CPU
		Release|Any CPU = Release|Any CPU
	EndGlobalSection
	GlobalSection(ProjectConfigurationPlatforms) = postSolution
		{7CD60762-F58B-8E5D-3C18-F9B8FA3E2ADA}.Debug|Any CPU.ActiveCfg = Debug|Any CPU
		{7CD60762-F58B-8E5D-3C18-F9B8FA3E2ADA}.Debug|Any CPU.Build.0 = Debug|Any CPU
		{7CD60762-F58B-8E5D-3C18-F9B8FA3E2ADA}.Release|Any CPU.ActiveCfg = Release|Any CPU
		{7CD60762-F58B-8E5D-3C18-F9B8FA3E2ADA}.Release|Any CPU.Build.0 = Release|Any CPU
	EndGlobalSection
	GlobalSection(SolutionProperties) = preSolution
		HideSolutionNode = FALSE
	EndGlobalSection
	GlobalSection(NestedProjects) = preSolution
		{7CD60762-F58B-8E5D-3C18-F9B8FA3E2ADA} = {D6A9D250-5BA5-D1E8-9A17-E07C607521DE}
	EndGlobalSection
	GlobalSection(ExtensibilityGlobals) = postSolution
		SolutionGuid = {C748F971-42F0-4E0E-B1AF-E7FA676B4470}
	EndGlobalSection
EndGlobal
